
Microsoft Visual Studio Solution File, Format Version 12.00
# Visual Studio 2012
Project("{FAE04EC0-301F-11D3-BF4B-00C04F79EFBC}") = "Stripe", "Stripe\Stripe.csproj", "{6AE268CA-FCC2-48CD-BB3A-91C44EBA07D4}"
EndProject
Project("{FAE04EC0-301F-11D3-BF4B-00C04F79EFBC}") = "Stripe.Tests", "..\tests\Stripe.Tests\Stripe.Tests.csproj", "{B2AA6A86-8B15-47B4-ACDE-DDABC7F5DBB3}"
EndProject
Global
	GlobalSection(SolutionConfigurationPlatforms) = preSolution
		Debug|Any CPU = Debug|Any CPU
		Release|Any CPU = Release|Any CPU
	EndGlobalSection
	GlobalSection(ProjectConfigurationPlatforms) = postSolution
		{6AE268CA-FCC2-48CD-BB3A-91C44EBA07D4}.Debug|Any CPU.ActiveCfg = Debug|Any CPU
		{6AE268CA-FCC2-48CD-BB3A-91C44EBA07D4}.Debug|Any CPU.Build.0 = Debug|Any CPU
		{6AE268CA-FCC2-48CD-BB3A-91C44EBA07D4}.Release|Any CPU.ActiveCfg = Release|Any CPU
		{6AE268CA-FCC2-48CD-BB3A-91C44EBA07D4}.Release|Any CPU.Build.0 = Release|Any CPU
		{B2AA6A86-8B15-47B4-ACDE-DDABC7F5DBB3}.Debug|Any CPU.ActiveCfg = Debug|Any CPU
		{B2AA6A86-8B15-47B4-ACDE-DDABC7F5DBB3}.Debug|Any CPU.Build.0 = Debug|Any CPU
		{B2AA6A86-8B15-47B4-ACDE-DDABC7F5DBB3}.Release|Any CPU.ActiveCfg = Release|Any CPU
		{B2AA6A86-8B15-47B4-ACDE-DDABC7F5DBB3}.Release|Any CPU.Build.0 = Release|Any CPU
	EndGlobalSection
	GlobalSection(SolutionProperties) = preSolution
		HideSolutionNode = FALSE
	EndGlobalSection
EndGlobal
