
Microsoft Visual Studio Solution File, Format Version 12.00
# Visual Studio 2012
Project("{FAE04EC0-301F-11D3-BF4B-00C04F79EFBC}") = "Stripe.Tests", "..\tests\Stripe.Tests\Stripe.Tests.csproj", "{B2AA6A86-8B15-47B4-ACDE-DDABC7F5DBB3}"
EndProject
Project("{2150E333-8FDC-42A3-9474-1A3956D46DE8}") = "build", "build", "{8336FEA3-D52A-48CC-9EC3-604C8ACAFBB0}"
	ProjectSection(SolutionItems) = preProject
		..\build\copy.bat = ..\build\copy.bat
		..\NuGet\ServiceStack.Stripe\servicestack.stripe.nuspec = ..\NuGet\ServiceStack.Stripe\servicestack.stripe.nuspec
		..\NuGet\ServiceStack.Stripe.Pcl\servicestack.stripe.pcl.nuspec = ..\NuGet\ServiceStack.Stripe.Pcl\servicestack.stripe.pcl.nuspec
	EndProjectSection
EndProject
Project("{FAE04EC0-301F-11D3-BF4B-00C04F79EFBC}") = "Stripe.Pcl", "Stripe.Pcl\Stripe.Pcl.csproj", "{6AE268CA-FCC2-48CD-BB3A-91C44EBA07D4}"
EndProject
Project("{FAE04EC0-301F-11D3-BF4B-00C04F79EFBC}") = "Stripe", "Stripe\Stripe.csproj", "{34E0CAC2-14C6-492A-AA02-DAFBF873F6FA}"
EndProject
Global
	GlobalSection(SolutionConfigurationPlatforms) = preSolution
		Debug|Any CPU = Debug|Any CPU
		Release|Any CPU = Release|Any CPU
	EndGlobalSection
	GlobalSection(ProjectConfigurationPlatforms) = postSolution
		{B2AA6A86-8B15-47B4-ACDE-DDABC7F5DBB3}.Debug|Any CPU.ActiveCfg = Debug|Any CPU
		{B2AA6A86-8B15-47B4-ACDE-DDABC7F5DBB3}.Debug|Any CPU.Build.0 = Debug|Any CPU
		{B2AA6A86-8B15-47B4-ACDE-DDABC7F5DBB3}.Release|Any CPU.ActiveCfg = Release|Any CPU
		{B2AA6A86-8B15-47B4-ACDE-DDABC7F5DBB3}.Release|Any CPU.Build.0 = Release|Any CPU
		{6AE268CA-FCC2-48CD-BB3A-91C44EBA07D4}.Debug|Any CPU.ActiveCfg = Debug|Any CPU
		{6AE268CA-FCC2-48CD-BB3A-91C44EBA07D4}.Debug|Any CPU.Build.0 = Debug|Any CPU
		{6AE268CA-FCC2-48CD-BB3A-91C44EBA07D4}.Release|Any CPU.ActiveCfg = Release|Any CPU
		{6AE268CA-FCC2-48CD-BB3A-91C44EBA07D4}.Release|Any CPU.Build.0 = Release|Any CPU
		{34E0CAC2-14C6-492A-AA02-DAFBF873F6FA}.Debug|Any CPU.ActiveCfg = Debug|Any CPU
		{34E0CAC2-14C6-492A-AA02-DAFBF873F6FA}.Debug|Any CPU.Build.0 = Debug|Any CPU
		{34E0CAC2-14C6-492A-AA02-DAFBF873F6FA}.Release|Any CPU.ActiveCfg = Release|Any CPU
		{34E0CAC2-14C6-492A-AA02-DAFBF873F6FA}.Release|Any CPU.Build.0 = Release|Any CPU
	EndGlobalSection
	GlobalSection(SolutionProperties) = preSolution
		HideSolutionNode = FALSE
	EndGlobalSection
EndGlobal
